
Microsoft Visual Studio Solution File, Format Version 12.00
# Visual Studio 15
VisualStudioVersion = 15.0.28307.960
MinimumVisualStudioVersion = 10.0.40219.1
Project("{9A19103F-16F7-4668-BE54-9A1E7A4F7556}") = "CoolCamUtils", "CoolCamUtils.csproj", "{73FABC0D-B57A-435A-A9FD-2FC0B870D2A9}"
EndProject
Global
	GlobalSection(SolutionConfigurationPlatforms) = preSolution
		Debug|Any CPU = Debug|Any CPU
		Release|Any CPU = Release|Any CPU
	EndGlobalSection
	GlobalSection(ProjectConfigurationPlatforms) = postSolution
		{73FABC0D-B57A-435A-A9FD-2FC0B870D2A9}.Debug|Any CPU.ActiveCfg = Debug|Any CPU
		{73FABC0D-B57A-435A-A9FD-2FC0B870D2A9}.Debug|Any CPU.Build.0 = Debug|Any CPU
		{73FABC0D-B57A-435A-A9FD-2FC0B870D2A9}.Release|Any CPU.ActiveCfg = Release|Any CPU
		{73FABC0D-B57A-435A-A9FD-2FC0B870D2A9}.Release|Any CPU.Build.0 = Release|Any CPU
	EndGlobalSection
	GlobalSection(SolutionProperties) = preSolution
		HideSolutionNode = FALSE
	EndGlobalSection
	GlobalSection(ExtensibilityGlobals) = postSolution
		SolutionGuid = {995E2AA9-4FD0-48AE-92B0-CD9D3B136E71}
	EndGlobalSection
EndGlobal
